# THIS IS AN AUTOGENERATED FILE. DO NOT EDIT THIS FILE DIRECTLY.
# yarn lockfile v1


"@cfcs/core@^0.0.5":
  version "0.0.5"
  resolved "https://registry.yarnpkg.com/@cfcs/core/-/core-0.0.5.tgz#b3d3ce36630016e0c0bb10848e1205fc216493e3"
  integrity sha512-TZ/RXKV7MUrqFpiX+16uaaptv5jgChWNsuE6w8Rn3eJbO1PFd4Wpn25zeJbii7ch46ck8/ZIIYCcW3pHiYtm4Q==
  dependencies:
    "@egjs/component" "^3.0.2"

"@egjs/children-differ@^1.0.1":
  version "1.0.1"
  resolved "https://registry.yarnpkg.com/@egjs/children-differ/-/children-differ-1.0.1.tgz#5465fa80671d5ca3564ebe912f48b05b3e8a14fd"
  integrity sha512-DRvyqMf+CPCOzAopQKHtW+X8iN6Hy6SFol+/7zCUiE5y4P/OB8JP8FtU4NxtZwtafvSL4faD5KoQYPj3JHzPFQ==
  dependencies:
    "@egjs/list-differ" "^1.0.0"

"@egjs/component@^3.0.0", "@egjs/component@^3.0.1", "@egjs/component@^3.0.2":
  version "3.0.4"
  resolved "https://registry.yarnpkg.com/@egjs/component/-/component-3.0.4.tgz#ad7b53794b2a612806179a188ad828acb9525f61"
  integrity sha512-sXA7bGbIeLF2OAw/vpka66c6QBBUPcA4UUhR4WGJfnp2XWdiI8QrnJGJMr/UxpE/xnevX9tN3jvNPlW8WkHl3g==

"@egjs/grid@~1.11.0":
  version "1.11.2"
  resolved "https://registry.yarnpkg.com/@egjs/grid/-/grid-1.11.2.tgz#cd7d5c3bf02f8623c0afa4706bd25bd4c7b10d34"
  integrity sha512-wV/tpNBhaJp5cHFaBcDep8Dbc72Jh8IFdmf2nP/L4EA669vewZgqJXfrONVyzdaQR7Welo0areEAA4dt+0Zqsw==
  dependencies:
    "@egjs/children-differ" "^1.0.1"
    "@egjs/component" "^3.0.0"
    "@egjs/imready" "^1.3.0"

"@egjs/imready@^1.3.0":
  version "1.3.1"
  resolved "https://registry.yarnpkg.com/@egjs/imready/-/imready-1.3.1.tgz#00d6008a07a0ae7eb1865e7aedcedb964c60c567"
  integrity sha512-ReDNST6BEt65lApC4e241jZjexKPn1FvtDEIctuJ/I4uHG6Qm9KBVrHiZhLcPCRYAQPkYkphP/0v8nAVzT69qw==
  dependencies:
    "@egjs/component" "^3.0.1"

"@egjs/infinitegrid@~4.7.1":
  version "4.7.1"
  resolved "https://registry.yarnpkg.com/@egjs/infinitegrid/-/infinitegrid-4.7.1.tgz#a12c1e3f2542f1a81be9702a21b1947c02a69047"
  integrity sha512-Mefi072yX0udWfQi1PIzN9fQ7GOTqHWScU/8JoLR5VauCJCz7Z4e8O/aaQ4PE4oopNME5vK7Dh0Dx4GU9L8HTw==
  dependencies:
    "@cfcs/core" "^0.0.5"
    "@egjs/children-differ" "^1.0.1"
    "@egjs/component" "^3.0.0"
    "@egjs/grid" "~1.11.0"
    "@egjs/list-differ" "^1.0.0"

"@egjs/list-differ@^1.0.0":
  version "1.0.0"
  resolved "https://registry.yarnpkg.com/@egjs/list-differ/-/list-differ-1.0.0.tgz#2277aff52e3e4bd9318d5c30ffc3ba3b6216f05e"
  integrity sha512-HsbMKc0ZAQH+EUeCmI/2PvTYSybmkaWwakU8QGDYYgMVIg9BQ5sM0A0Nnombjxo2+JzXHxmH+jw//yGX+y6GYw==

"@egjs/react-infinitegrid@^4.7.1":
  version "4.7.1"
  resolved "https://registry.yarnpkg.com/@egjs/react-infinitegrid/-/react-infinitegrid-4.7.1.tgz#e6e9d3fca4531119bebf309400f53e3f7c2f1908"
  integrity sha512-HvEmDIKf/JE8i80aUGJvA4hH84iiNBFxSzBcu4QvVyxCMw1WWWcMmPNmkhDXDWizYvnAvDvdPsDjwIKlmRuT3A==
  dependencies:
    "@egjs/infinitegrid" "~4.7.1"
